
Microsoft Visual Studio Solution File, Format Version 12.00
# Visual Studio Version 17
VisualStudioVersion = 17.9.34728.123
MinimumVisualStudioVersion = 10.0.40219.1
Project("{9A19103F-16F7-4668-BE54-9A1E7A4F7556}") = "SRP", "SRP\SRP.csproj", "{6F82CD52-49C9-497E-B9EC-68A0C6935BAF}"
EndProject
Project("{9A19103F-16F7-4668-BE54-9A1E7A4F7556}") = "OCP", "OCP\OCP.csproj", "{D2014F4B-E106-44B2-BFCA-9C57BBD68BAB}"
EndProject
Project("{9A19103F-16F7-4668-BE54-9A1E7A4F7556}") = "LSP", "LSP\LSP.csproj", "{63641407-A6FE-4566-9B46-E83434AA7FC1}"
EndProject
Project("{9A19103F-16F7-4668-BE54-9A1E7A4F7556}") = "ISP", "ISP\ISP.csproj", "{E0934A10-0CE2-40EA-83D1-EA8E078C552E}"
EndProject
Project("{FAE04EC0-301F-11D3-BF4B-00C04F79EFBC}") = "DIP", "DIP\DIP.csproj", "{296B20A6-F477-4ACF-B87C-5A21EDD12311}"
EndProject
Global
	GlobalSection(SolutionConfigurationPlatforms) = preSolution
		Debug|Any CPU = Debug|Any CPU
		Release|Any CPU = Release|Any CPU
	EndGlobalSection
	GlobalSection(ProjectConfigurationPlatforms) = postSolution
		{6F82CD52-49C9-497E-B9EC-68A0C6935BAF}.Debug|Any CPU.ActiveCfg = Debug|Any CPU
		{6F82CD52-49C9-497E-B9EC-68A0C6935BAF}.Debug|Any CPU.Build.0 = Debug|Any CPU
		{6F82CD52-49C9-497E-B9EC-68A0C6935BAF}.Release|Any CPU.ActiveCfg = Release|Any CPU
		{6F82CD52-49C9-497E-B9EC-68A0C6935BAF}.Release|Any CPU.Build.0 = Release|Any CPU
		{D2014F4B-E106-44B2-BFCA-9C57BBD68BAB}.Debug|Any CPU.ActiveCfg = Debug|Any CPU
		{D2014F4B-E106-44B2-BFCA-9C57BBD68BAB}.Debug|Any CPU.Build.0 = Debug|Any CPU
		{D2014F4B-E106-44B2-BFCA-9C57BBD68BAB}.Release|Any CPU.ActiveCfg = Release|Any CPU
		{D2014F4B-E106-44B2-BFCA-9C57BBD68BAB}.Release|Any CPU.Build.0 = Release|Any CPU
		{63641407-A6FE-4566-9B46-E83434AA7FC1}.Debug|Any CPU.ActiveCfg = Debug|Any CPU
		{63641407-A6FE-4566-9B46-E83434AA7FC1}.Debug|Any CPU.Build.0 = Debug|Any CPU
		{63641407-A6FE-4566-9B46-E83434AA7FC1}.Release|Any CPU.ActiveCfg = Release|Any CPU
		{63641407-A6FE-4566-9B46-E83434AA7FC1}.Release|Any CPU.Build.0 = Release|Any CPU
		{E0934A10-0CE2-40EA-83D1-EA8E078C552E}.Debug|Any CPU.ActiveCfg = Debug|Any CPU
		{E0934A10-0CE2-40EA-83D1-EA8E078C552E}.Debug|Any CPU.Build.0 = Debug|Any CPU
		{E0934A10-0CE2-40EA-83D1-EA8E078C552E}.Release|Any CPU.ActiveCfg = Release|Any CPU
		{E0934A10-0CE2-40EA-83D1-EA8E078C552E}.Release|Any CPU.Build.0 = Release|Any CPU
		{296B20A6-F477-4ACF-B87C-5A21EDD12311}.Debug|Any CPU.ActiveCfg = Debug|Any CPU
		{296B20A6-F477-4ACF-B87C-5A21EDD12311}.Debug|Any CPU.Build.0 = Debug|Any CPU
		{296B20A6-F477-4ACF-B87C-5A21EDD12311}.Release|Any CPU.ActiveCfg = Release|Any CPU
		{296B20A6-F477-4ACF-B87C-5A21EDD12311}.Release|Any CPU.Build.0 = Release|Any CPU
	EndGlobalSection
	GlobalSection(SolutionProperties) = preSolution
		HideSolutionNode = FALSE
	EndGlobalSection
	GlobalSection(ExtensibilityGlobals) = postSolution
		SolutionGuid = {D4D84323-9A26-454A-B6F0-38E4AB62B690}
	EndGlobalSection
EndGlobal
